
Microsoft Visual Studio Solution File, Format Version 12.00
# Visual Studio 15
VisualStudioVersion = 15.0.28010.2046
MinimumVisualStudioVersion = 10.0.40219.1
Project("{9092AA53-FB77-4645-B42D-1CCCA6BD08BD}") = "react-scrollspy-nav", "react-scrollspy-nav.njsproj", "{0DA4D4FB-B76E-4B6B-BCAA-FC8914D7F4B3}"
EndProject
Global
	GlobalSection(SolutionConfigurationPlatforms) = preSolution
		Debug|Any CPU = Debug|Any CPU
		Release|Any CPU = Release|Any CPU
	EndGlobalSection
	GlobalSection(ProjectConfigurationPlatforms) = postSolution
		{0DA4D4FB-B76E-4B6B-BCAA-FC8914D7F4B3}.Debug|Any CPU.ActiveCfg = Debug|Any CPU
		{0DA4D4FB-B76E-4B6B-BCAA-FC8914D7F4B3}.Debug|Any CPU.Build.0 = Debug|Any CPU
		{0DA4D4FB-B76E-4B6B-BCAA-FC8914D7F4B3}.Release|Any CPU.ActiveCfg = Release|Any CPU
		{0DA4D4FB-B76E-4B6B-BCAA-FC8914D7F4B3}.Release|Any CPU.Build.0 = Release|Any CPU
	EndGlobalSection
	GlobalSection(SolutionProperties) = preSolution
		HideSolutionNode = FALSE
	EndGlobalSection
	GlobalSection(ExtensibilityGlobals) = postSolution
		SolutionGuid = {F158B4D1-E9AF-48AD-8423-D8CCCE927167}
	EndGlobalSection
EndGlobal
